
Microsoft Visual Studio Solution File, Format Version 12.00
# Visual Studio Version 16
VisualStudioVersion = 16.0.30104.148
MinimumVisualStudioVersion = 10.0.40219.1
Project("{FAE04EC0-301F-11D3-BF4B-00C04F79EFBC}") = "SoundTrack", "SoundTrack\SoundTrack.csproj", "{FEE2339E-8A5B-4A12-AE61-91A0EA849025}"
EndProject
Global
	GlobalSection(SolutionConfigurationPlatforms) = preSolution
		Debug|Any CPU = Debug|Any CPU
		Release|Any CPU = Release|Any CPU
	EndGlobalSection
	GlobalSection(ProjectConfigurationPlatforms) = postSolution
		{FEE2339E-8A5B-4A12-AE61-91A0EA849025}.Debug|Any CPU.ActiveCfg = Debug|Any CPU
		{FEE2339E-8A5B-4A12-AE61-91A0EA849025}.Debug|Any CPU.Build.0 = Debug|Any CPU
		{FEE2339E-8A5B-4A12-AE61-91A0EA849025}.Release|Any CPU.ActiveCfg = Release|Any CPU
		{FEE2339E-8A5B-4A12-AE61-91A0EA849025}.Release|Any CPU.Build.0 = Release|Any CPU
	EndGlobalSection
	GlobalSection(SolutionProperties) = preSolution
		HideSolutionNode = FALSE
	EndGlobalSection
	GlobalSection(ExtensibilityGlobals) = postSolution
		SolutionGuid = {22682B93-E14C-487C-B3E5-A64FE2006BC5}
	EndGlobalSection
EndGlobal
